
Microsoft Visual Studio Solution File, Format Version 12.00
# Visual Studio Version 16
VisualStudioVersion = 16.0.31005.135
MinimumVisualStudioVersion = 10.0.40219.1
Project("{9A19103F-16F7-4668-BE54-9A1E7A4F7556}") = "Entities", "Entities\Entities.csproj", "{1D61CAD8-6080-43CD-B3A2-D511EA215AD9}"
EndProject
Project("{9A19103F-16F7-4668-BE54-9A1E7A4F7556}") = "DataAccess", "DataAccess\DataAccess.csproj", "{E3CB07AA-E5EB-48B9-B3E4-A73FD0D8199B}"
EndProject
Project("{9A19103F-16F7-4668-BE54-9A1E7A4F7556}") = "Business", "Business\Business.csproj", "{C119B038-3017-4E4D-BC30-5FA30D3FDCC9}"
EndProject
Project("{9A19103F-16F7-4668-BE54-9A1E7A4F7556}") = "Core", "Core\Core.csproj", "{66998275-8D92-4511-B9B6-59A3AEB1F73B}"
EndProject
Project("{9A19103F-16F7-4668-BE54-9A1E7A4F7556}") = "ConsoleUI", "ConsoleUI\ConsoleUI.csproj", "{E60AC3EF-38BE-428D-9EC3-3D570269A080}"
EndProject
Project("{FAE04EC0-301F-11D3-BF4B-00C04F79EFBC}") = "UI", "UI\UI.csproj", "{4B80749F-2734-4574-A0AD-CB20BA72A942}"
EndProject
Global
	GlobalSection(SolutionConfigurationPlatforms) = preSolution
		Debug|Any CPU = Debug|Any CPU
		Release|Any CPU = Release|Any CPU
	EndGlobalSection
	GlobalSection(ProjectConfigurationPlatforms) = postSolution
		{1D61CAD8-6080-43CD-B3A2-D511EA215AD9}.Debug|Any CPU.ActiveCfg = Debug|Any CPU
		{1D61CAD8-6080-43CD-B3A2-D511EA215AD9}.Debug|Any CPU.Build.0 = Debug|Any CPU
		{1D61CAD8-6080-43CD-B3A2-D511EA215AD9}.Release|Any CPU.ActiveCfg = Release|Any CPU
		{1D61CAD8-6080-43CD-B3A2-D511EA215AD9}.Release|Any CPU.Build.0 = Release|Any CPU
		{E3CB07AA-E5EB-48B9-B3E4-A73FD0D8199B}.Debug|Any CPU.ActiveCfg = Debug|Any CPU
		{E3CB07AA-E5EB-48B9-B3E4-A73FD0D8199B}.Debug|Any CPU.Build.0 = Debug|Any CPU
		{E3CB07AA-E5EB-48B9-B3E4-A73FD0D8199B}.Release|Any CPU.ActiveCfg = Release|Any CPU
		{E3CB07AA-E5EB-48B9-B3E4-A73FD0D8199B}.Release|Any CPU.Build.0 = Release|Any CPU
		{C119B038-3017-4E4D-BC30-5FA30D3FDCC9}.Debug|Any CPU.ActiveCfg = Debug|Any CPU
		{C119B038-3017-4E4D-BC30-5FA30D3FDCC9}.Debug|Any CPU.Build.0 = Debug|Any CPU
		{C119B038-3017-4E4D-BC30-5FA30D3FDCC9}.Release|Any CPU.ActiveCfg = Release|Any CPU
		{C119B038-3017-4E4D-BC30-5FA30D3FDCC9}.Release|Any CPU.Build.0 = Release|Any CPU
		{66998275-8D92-4511-B9B6-59A3AEB1F73B}.Debug|Any CPU.ActiveCfg = Debug|Any CPU
		{66998275-8D92-4511-B9B6-59A3AEB1F73B}.Debug|Any CPU.Build.0 = Debug|Any CPU
		{66998275-8D92-4511-B9B6-59A3AEB1F73B}.Release|Any CPU.ActiveCfg = Release|Any CPU
		{66998275-8D92-4511-B9B6-59A3AEB1F73B}.Release|Any CPU.Build.0 = Release|Any CPU
		{E60AC3EF-38BE-428D-9EC3-3D570269A080}.Debug|Any CPU.ActiveCfg = Debug|Any CPU
		{E60AC3EF-38BE-428D-9EC3-3D570269A080}.Debug|Any CPU.Build.0 = Debug|Any CPU
		{E60AC3EF-38BE-428D-9EC3-3D570269A080}.Release|Any CPU.ActiveCfg = Release|Any CPU
		{E60AC3EF-38BE-428D-9EC3-3D570269A080}.Release|Any CPU.Build.0 = Release|Any CPU
		{4B80749F-2734-4574-A0AD-CB20BA72A942}.Debug|Any CPU.ActiveCfg = Debug|Any CPU
		{4B80749F-2734-4574-A0AD-CB20BA72A942}.Debug|Any CPU.Build.0 = Debug|Any CPU
		{4B80749F-2734-4574-A0AD-CB20BA72A942}.Release|Any CPU.ActiveCfg = Release|Any CPU
		{4B80749F-2734-4574-A0AD-CB20BA72A942}.Release|Any CPU.Build.0 = Release|Any CPU
	EndGlobalSection
	GlobalSection(SolutionProperties) = preSolution
		HideSolutionNode = FALSE
	EndGlobalSection
	GlobalSection(ExtensibilityGlobals) = postSolution
		SolutionGuid = {A3436464-B998-4CA4-8761-3F661AF74DD5}
	EndGlobalSection
EndGlobal
